
Microsoft Visual Studio Solution File, Format Version 12.00
# Visual Studio Version 16
VisualStudioVersion = 16.0.31624.102
MinimumVisualStudioVersion = 10.0.40219.1
Project("{9A19103F-16F7-4668-BE54-9A1E7A4F7556}") = "GradueteProject", "GradueteProject.csproj", "{D5EA20B4-6B80-437B-A4F9-7648DC9B813C}"
EndProject
Project("{9A19103F-16F7-4668-BE54-9A1E7A4F7556}") = "WebAppDAL", "..\WebAppDAL\WebAppDAL.csproj", "{1E9AF479-E73F-408C-B72C-4F1C3AA2EE4D}"
EndProject
Project("{9A19103F-16F7-4668-BE54-9A1E7A4F7556}") = "WebAppBLL", "WebAppBLL\WebAppBLL.csproj", "{A78C2C89-CAE5-416E-9083-4FFA125286F9}"
EndProject
Global
	GlobalSection(SolutionConfigurationPlatforms) = preSolution
		Debug|Any CPU = Debug|Any CPU
		Release|Any CPU = Release|Any CPU
	EndGlobalSection
	GlobalSection(ProjectConfigurationPlatforms) = postSolution
		{D5EA20B4-6B80-437B-A4F9-7648DC9B813C}.Debug|Any CPU.ActiveCfg = Debug|Any CPU
		{D5EA20B4-6B80-437B-A4F9-7648DC9B813C}.Debug|Any CPU.Build.0 = Debug|Any CPU
		{D5EA20B4-6B80-437B-A4F9-7648DC9B813C}.Release|Any CPU.ActiveCfg = Release|Any CPU
		{D5EA20B4-6B80-437B-A4F9-7648DC9B813C}.Release|Any CPU.Build.0 = Release|Any CPU
		{1E9AF479-E73F-408C-B72C-4F1C3AA2EE4D}.Debug|Any CPU.ActiveCfg = Debug|Any CPU
		{1E9AF479-E73F-408C-B72C-4F1C3AA2EE4D}.Debug|Any CPU.Build.0 = Debug|Any CPU
		{1E9AF479-E73F-408C-B72C-4F1C3AA2EE4D}.Release|Any CPU.ActiveCfg = Release|Any CPU
		{1E9AF479-E73F-408C-B72C-4F1C3AA2EE4D}.Release|Any CPU.Build.0 = Release|Any CPU
		{A78C2C89-CAE5-416E-9083-4FFA125286F9}.Debug|Any CPU.ActiveCfg = Debug|Any CPU
		{A78C2C89-CAE5-416E-9083-4FFA125286F9}.Debug|Any CPU.Build.0 = Debug|Any CPU
		{A78C2C89-CAE5-416E-9083-4FFA125286F9}.Release|Any CPU.ActiveCfg = Release|Any CPU
		{A78C2C89-CAE5-416E-9083-4FFA125286F9}.Release|Any CPU.Build.0 = Release|Any CPU
	EndGlobalSection
	GlobalSection(SolutionProperties) = preSolution
		HideSolutionNode = FALSE
	EndGlobalSection
	GlobalSection(ExtensibilityGlobals) = postSolution
		SolutionGuid = {751183A2-8BFD-4593-BF42-8577A5E8719E}
	EndGlobalSection
EndGlobal
